// !$*UTF8*$!
{
	archiveVersion = 1;
	classes = {
	};
	objectVersion = 50;
	objects = {

/* Begin PBXBuildFile section */
		786E626C21D25498007D0C45 /* AppDelegate.m in Sources */ = {isa = PBXBuildFile; fileRef = 786E626B21D25498007D0C45 /* AppDelegate.m */; };
		786E626F21D25498007D0C45 /* ViewController.m in Sources */ = {isa = PBXBuildFile; fileRef = 786E626E21D25498007D0C45 /* ViewController.m */; };
		786E627121D254A6007D0C45 /* Assets.xcassets in Resources */ = {isa = PBXBuildFile; fileRef = 786E627021D254A6007D0C45 /* Assets.xcassets */; };
		786E627421D254A6007D0C45 /* Main.storyboard in Resources */ = {isa = PBXBuildFile; fileRef = 786E627221D254A6007D0C45 /* Main.storyboard */; };
		786E627721D254A6007D0C45 /* main.m in Sources */ = {isa = PBXBuildFile; fileRef = 786E627621D254A6007D0C45 /* main.m */; };
		786E628021D2552A007D0C45 /* TokenAttach.m in Sources */ = {isa = PBXBuildFile; fileRef = 786E627F21D2552A007D0C45 /* TokenAttach.m */; };
/* End PBXBuildFile section */

/* Begin PBXFileReference section */
		786E626721D25498007D0C45 /* testToken2.app */ = {isa = PBXFileReference; explicitFileType = wrapper.application; includeInIndex = 0; path = testToken2.app; sourceTree = BUILT_PRODUCTS_DIR; };
		786E626A21D25498007D0C45 /* AppDelegate.h */ = {isa = PBXFileReference; lastKnownFileType = sourcecode.c.h; path = AppDelegate.h; sourceTree = "<group>"; };
		786E626B21D25498007D0C45 /* AppDelegate.m */ = {isa = PBXFileReference; lastKnownFileType = sourcecode.c.objc; path = AppDelegate.m; sourceTree = "<group>"; };
		786E626D21D25498007D0C45 /* ViewController.h */ = {isa = PBXFileReference; lastKnownFileType = sourcecode.c.h; path = ViewController.h; sourceTree = "<group>"; };
		786E626E21D25498007D0C45 /* ViewController.m */ = {isa = PBXFileReference; lastKnownFileType = sourcecode.c.objc; path = ViewController.m; sourceTree = "<group>"; };
		786E627021D254A6007D0C45 /* Assets.xcassets */ = {isa = PBXFileReference; lastKnownFileType = folder.assetcatalog; path = Assets.xcassets; sourceTree = "<group>"; };
		786E627321D254A6007D0C45 /* Base */ = {isa = PBXFileReference; lastKnownFileType = file.storyboard; name = Base; path = Base.lproj/Main.storyboard; sourceTree = "<group>"; };
		786E627521D254A6007D0C45 /* Info.plist */ = {isa = PBXFileReference; lastKnownFileType = text.plist.xml; path = Info.plist; sourceTree = "<group>"; };
		786E627621D254A6007D0C45 /* main.m */ = {isa = PBXFileReference; lastKnownFileType = sourcecode.c.objc; path = main.m; sourceTree = "<group>"; };
		786E627821D254A6007D0C45 /* testToken2.entitlements */ = {isa = PBXFileReference; lastKnownFileType = text.plist.entitlements; path = testToken2.entitlements; sourceTree = "<group>"; };
		786E627E21D2552A007D0C45 /* TokenAttach.h */ = {isa = PBXFileReference; lastKnownFileType = sourcecode.c.h; path = TokenAttach.h; sourceTree = "<group>"; };
		786E627F21D2552A007D0C45 /* TokenAttach.m */ = {isa = PBXFileReference; lastKnownFileType = sourcecode.c.objc; path = TokenAttach.m; sourceTree = "<group>"; };
/* End PBXFileReference section */

/* Begin PBXFrameworksBuildPhase section */
		786E626421D25498007D0C45 /* Frameworks */ = {
			isa = PBXFrameworksBuildPhase;
			buildActionMask = 2147483647;
			files = (
			);
			runOnlyForDeploymentPostprocessing = 0;
		};
/* End PBXFrameworksBuildPhase section */

/* Begin PBXGroup section */
		786E625E21D25498007D0C45 = {
			isa = PBXGroup;
			children = (
				786E626921D25498007D0C45 /* testToken2 */,
				786E626821D25498007D0C45 /* Products */,
			);
			sourceTree = "<group>";
		};
		786E626821D25498007D0C45 /* Products */ = {
			isa = PBXGroup;
			children = (
				786E626721D25498007D0C45 /* testToken2.app */,
			);
			name = Products;
			sourceTree = "<group>";
		};
		786E626921D25498007D0C45 /* testToken2 */ = {
			isa = PBXGroup;
			children = (
				786E626A21D25498007D0C45 /* AppDelegate.h */,
				786E626B21D25498007D0C45 /* AppDelegate.m */,
				786E626D21D25498007D0C45 /* ViewController.h */,
				786E626E21D25498007D0C45 /* ViewController.m */,
				786E627021D254A6007D0C45 /* Assets.xcassets */,
				786E627221D254A6007D0C45 /* Main.storyboard */,
				786E627521D254A6007D0C45 /* Info.plist */,
				786E627621D254A6007D0C45 /* main.m */,
				786E627821D254A6007D0C45 /* testToken2.entitlements */,
				786E627E21D2552A007D0C45 /* TokenAttach.h */,
				786E627F21D2552A007D0C45 /* TokenAttach.m */,
			);
			path = testToken2;
			sourceTree = "<group>";
		};
/* End PBXGroup section */

/* Begin PBXNativeTarget section */
		786E626621D25498007D0C45 /* testToken2 */ = {
			isa = PBXNativeTarget;
			buildConfigurationList = 786E627B21D254A6007D0C45 /* Build configuration list for PBXNativeTarget "testToken2" */;
			buildPhases = (
				786E626321D25498007D0C45 /* Sources */,
				786E626421D25498007D0C45 /* Frameworks */,
				786E626521D25498007D0C45 /* Resources */,
			);
			buildRules = (
			);
			dependencies = (
			);
			name = testToken2;
			productName = testToken2;
			productReference = 786E626721D25498007D0C45 /* testToken2.app */;
			productType = "com.apple.product-type.application";
		};
/* End PBXNativeTarget section */

/* Begin PBXProject section */
		786E625F21D25498007D0C45 /* Project object */ = {
			isa = PBXProject;
			attributes = {
				LastUpgradeCheck = 1010;
				ORGANIZATIONNAME = ShamanUA;
				TargetAttributes = {
					786E626621D25498007D0C45 = {
						CreatedOnToolsVersion = 10.1;
					};
				};
			};
			buildConfigurationList = 786E626221D25498007D0C45 /* Build configuration list for PBXProject "testToken2" */;
			compatibilityVersion = "Xcode 9.3";
			developmentRegion = en;
			hasScannedForEncodings = 0;
			knownRegions = (
				en,
				Base,
			);
			mainGroup = 786E625E21D25498007D0C45;
			productRefGroup = 786E626821D25498007D0C45 /* Products */;
			projectDirPath = "";
			projectRoot = "";
			targets = (
				786E626621D25498007D0C45 /* testToken2 */,
			);
		};
/* End PBXProject section */

/* Begin PBXResourcesBuildPhase section */
		786E626521D25498007D0C45 /* Resources */ = {
			isa = PBXResourcesBuildPhase;
			buildActionMask = 2147483647;
			files = (
				786E627121D254A6007D0C45 /* Assets.xcassets in Resources */,
				786E627421D254A6007D0C45 /* Main.storyboard in Resources */,
			);
			runOnlyForDeploymentPostprocessing = 0;
		};
/* End PBXResourcesBuildPhase section */

/* Begin PBXSourcesBuildPhase section */
		786E626321D25498007D0C45 /* Sources */ = {
			isa = PBXSourcesBuildPhase;
			buildActionMask = 2147483647;
			files = (
				786E626F21D25498007D0C45 /* ViewController.m in Sources */,
				786E627721D254A6007D0C45 /* main.m in Sources */,
				786E628021D2552A007D0C45 /* TokenAttach.m in Sources */,
				786E626C21D25498007D0C45 /* AppDelegate.m in Sources */,
			);
			runOnlyForDeploymentPostprocessing = 0;
		};
/* End PBXSourcesBuildPhase section */

/* Begin PBXVariantGroup section */
		786E627221D254A6007D0C45 /* Main.storyboard */ = {
			isa = PBXVariantGroup;
			children = (
				786E627321D254A6007D0C45 /* Base */,
			);
			name = Main.storyboard;
			sourceTree = "<group>";
		};
/* End PBXVariantGroup section */

/* Begin XCBuildConfiguration section */
		786E627921D254A6007D0C45 /* Debug */ = {
			isa = XCBuildConfiguration;
			buildSettings = {
				ALWAYS_SEARCH_USER_PATHS = NO;
				CLANG_ANALYZER_NONNULL = YES;
				CLANG_ANALYZER_NUMBER_OBJECT_CONVERSION = YES_AGGRESSIVE;
				CLANG_CXX_LANGUAGE_STANDARD = "gnu++14";
				CLANG_CXX_LIBRARY = "libc++";
				CLANG_ENABLE_MODULES = YES;
				CLANG_ENABLE_OBJC_ARC = YES;
				CLANG_ENABLE_OBJC_WEAK = YES;
				CLANG_WARN_BLOCK_CAPTURE_AUTORELEASING = YES;
				CLANG_WARN_BOOL_CONVERSION = YES;
				CLANG_WARN_COMMA = YES;
				CLANG_WARN_CONSTANT_CONVERSION = YES;
				CLANG_WARN_DEPRECATED_OBJC_IMPLEMENTATIONS = YES;
				CLANG_WARN_DIRECT_OBJC_ISA_USAGE = YES_ERROR;
				CLANG_WARN_DOCUMENTATION_COMMENTS = YES;
				CLANG_WARN_EMPTY_BODY = YES;
				CLANG_WARN_ENUM_CONVERSION = YES;
				CLANG_WARN_INFINITE_RECURSION = YES;
				CLANG_WARN_INT_CONVERSION = YES;
				CLANG_WARN_NON_LITERAL_NULL_CONVERSION = YES;
				CLANG_WARN_OBJC_IMPLICIT_RETAIN_SELF = YES;
				CLANG_WARN_OBJC_LITERAL_CONVERSION = YES;
				CLANG_WARN_OBJC_ROOT_CLASS = YES_ERROR;
				CLANG_WARN_RANGE_LOOP_ANALYSIS = YES;
				CLANG_WARN_STRICT_PROTOTYPES = YES;
				CLANG_WARN_SUSPICIOUS_MOVE = YES;
				CLANG_WARN_UNGUARDED_AVAILABILITY = YES_AGGRESSIVE;
				CLANG_WARN_UNREACHABLE_CODE = YES;
				CLANG_WARN__DUPLICATE_METHOD_MATCH = YES;
				CODE_SIGN_IDENTITY = "-";
				COPY_PHASE_STRIP = NO;
				DEBUG_INFORMATION_FORMAT = dwarf;
				ENABLE_STRICT_OBJC_MSGSEND = YES;
				ENABLE_TESTABILITY = YES;
				GCC_C_LANGUAGE_STANDARD = gnu11;
				GCC_DYNAMIC_NO_PIC = NO;
				GCC_NO_COMMON_BLOCKS = YES;
				GCC_OPTIMIZATION_LEVEL = 0;
				GCC_PREPROCESSOR_DEFINITIONS = (
					"DEBUG=1",
					"$(inherited)",
				);
				GCC_WARN_64_TO_32_BIT_CONVERSION = YES;
				GCC_WARN_ABOUT_RETURN_TYPE = YES_ERROR;
				GCC_WARN_UNDECLARED_SELECTOR = YES;
				GCC_WARN_UNINITIALIZED_AUTOS = YES_AGGRESSIVE;
				GCC_WARN_UNUSED_FUNCTION = YES;
				GCC_WARN_UNUSED_VARIABLE = YES;
				MACOSX_DEPLOYMENT_TARGET = 10.13;
				MTL_ENABLE_DEBUG_INFO = INCLUDE_SOURCE;
				MTL_FAST_MATH = YES;
				ONLY_ACTIVE_ARCH = YES;
				SDKROOT = macosx;
			};
			name = Debug;
		};
		786E627A21D254A6007D0C45 /* Release */ = {
			isa = XCBuildConfiguration;
			buildSettings = {
				ALWAYS_SEARCH_USER_PATHS = NO;
				CLANG_ANALYZER_NONNULL = YES;
				CLANG_ANALYZER_NUMBER_OBJECT_CONVERSION = YES_AGGRESSIVE;
				CLANG_CXX_LANGUAGE_STANDARD = "gnu++14";
				CLANG_CXX_LIBRARY = "libc++";
				CLANG_ENABLE_MODULES = YES;
				CLANG_ENABLE_OBJC_ARC = YES;
				CLANG_ENABLE_OBJC_WEAK = YES;
				CLANG_WARN_BLOCK_CAPTURE_AUTORELEASING = YES;
				CLANG_WARN_BOOL_CONVERSION = YES;
				CLANG_WARN_COMMA = YES;
				CLANG_WARN_CONSTANT_CONVERSION = YES;
				CLANG_WARN_DEPRECATED_OBJC_IMPLEMENTATIONS = YES;
				CLANG_WARN_DIRECT_OBJC_ISA_USAGE = YES_ERROR;
				CLANG_WARN_DOCUMENTATION_COMMENTS = YES;
				CLANG_WARN_EMPTY_BODY = YES;
				CLANG_WARN_ENUM_CONVERSION = YES;
				CLANG_WARN_INFINITE_RECURSION = YES;
				CLANG_WARN_INT_CONVERSION = YES;
				CLANG_WARN_NON_LITERAL_NULL_CONVERSION = YES;
				CLANG_WARN_OBJC_IMPLICIT_RETAIN_SELF = YES;
				CLANG_WARN_OBJC_LITERAL_CONVERSION = YES;
				CLANG_WARN_OBJC_ROOT_CLASS = YES_ERROR;
				CLANG_WARN_RANGE_LOOP_ANALYSIS = YES;
				CLANG_WARN_STRICT_PROTOTYPES = YES;
				CLANG_WARN_SUSPICIOUS_MOVE = YES;
				CLANG_WARN_UNGUARDED_AVAILABILITY = YES_AGGRESSIVE;
				CLANG_WARN_UNREACHABLE_CODE = YES;
				CLANG_WARN__DUPLICATE_METHOD_MATCH = YES;
				CODE_SIGN_IDENTITY = "-";
				COPY_PHASE_STRIP = NO;
				DEBUG_INFORMATION_FORMAT = "dwarf-with-dsym";
				ENABLE_NS_ASSERTIONS = NO;
				ENABLE_STRICT_OBJC_MSGSEND = YES;
				GCC_C_LANGUAGE_STANDARD = gnu11;
				GCC_NO_COMMON_BLOCKS = YES;
				GCC_WARN_64_TO_32_BIT_CONVERSION = YES;
				GCC_WARN_ABOUT_RETURN_TYPE = YES_ERROR;
				GCC_WARN_UNDECLARED_SELECTOR = YES;
				GCC_WARN_UNINITIALIZED_AUTOS = YES_AGGRESSIVE;
				GCC_WARN_UNUSED_FUNCTION = YES;
				GCC_WARN_UNUSED_VARIABLE = YES;
				MACOSX_DEPLOYMENT_TARGET = 10.13;
				MTL_ENABLE_DEBUG_INFO = NO;
				MTL_FAST_MATH = YES;
				SDKROOT = macosx;
			};
			name = Release;
		};
		786E627C21D254A6007D0C45 /* Debug */ = {
			isa = XCBuildConfiguration;
			buildSettings = {
				ASSETCATALOG_COMPILER_APPICON_NAME = AppIcon;
				CODE_SIGN_ENTITLEMENTS = testToken2/testToken2.entitlements;
				CODE_SIGN_STYLE = Automatic;
				COMBINE_HIDPI_IMAGES = YES;
				INFOPLIST_FILE = testToken2/Info.plist;
				LD_RUNPATH_SEARCH_PATHS = (
					"$(inherited)",
					"@executable_path/../Frameworks",
				);
				PRODUCT_BUNDLE_IDENTIFIER = com.krasnogorov.testToken2;
				PRODUCT_NAME = "$(TARGET_NAME)";
			};
			name = Debug;
		};
		786E627D21D254A6007D0C45 /* Release */ = {
			isa = XCBuildConfiguration;
			buildSettings = {
				ASSETCATALOG_COMPILER_APPICON_NAME = AppIcon;
				CODE_SIGN_ENTITLEMENTS = testToken2/testToken2.entitlements;
				CODE_SIGN_STYLE = Automatic;
				COMBINE_HIDPI_IMAGES = YES;
				INFOPLIST_FILE = testToken2/Info.plist;
				LD_RUNPATH_SEARCH_PATHS = (
					"$(inherited)",
					"@executable_path/../Frameworks",
				);
				PRODUCT_BUNDLE_IDENTIFIER = com.krasnogorov.testToken2;
				PRODUCT_NAME = "$(TARGET_NAME)";
			};
			name = Release;
		};
/* End XCBuildConfiguration section */

/* Begin XCConfigurationList section */
		786E626221D25498007D0C45 /* Build configuration list for PBXProject "testToken2" */ = {
			isa = XCConfigurationList;
			buildConfigurations = (
				786E627921D254A6007D0C45 /* Debug */,
				786E627A21D254A6007D0C45 /* Release */,
			);
			defaultConfigurationIsVisible = 0;
			defaultConfigurationName = Release;
		};
		786E627B21D254A6007D0C45 /* Build configuration list for PBXNativeTarget "testToken2" */ = {
			isa = XCConfigurationList;
			buildConfigurations = (
				786E627C21D254A6007D0C45 /* Debug */,
				786E627D21D254A6007D0C45 /* Release */,
			);
			defaultConfigurationIsVisible = 0;
			defaultConfigurationName = Release;
		};
/* End XCConfigurationList section */
	};
	rootObject = 786E625F21D25498007D0C45 /* Project object */;
}
